PODS:
  - Flutter (1.0.0)
  - sbp_payments (0.0.2):
    - Flutter
    - SBPPayment
  - SBPPayment (1.3.1)

DEPENDENCIES:
  - Flutter (from `Flutter`)
  - sbp_payments (from `.symlinks/plugins/sbp_payments/ios`)

SPEC REPOS:
  trunk:
    - SBPPayment

EXTERNAL SOURCES:
  Flutter:
    :path: Flutter
  sbp_payments:
    :path: ".symlinks/plugins/sbp_payments/ios"

SPEC CHECKSUMS:
  Flutter: 50d75fe2f02b26cc09d224853bb45737f8b3214a
  sbp_payments: 1571c60dc319216a1d30aa8a805b3a771af1eb32
  SBPPayment: 7ccfaf259e8d4a6c1468823156328aa45e2f6b6d

PODFILE CHECKSUM: cc1f88378b4bfcf93a6ce00d2c587857c6008d3b

COCOAPODS: 1.11.2
